// !$*UTF8*$!
{
	archiveVersion = 1;
	classes = {
	};
	objectVersion = 38;
	objects = {
		080E96D9FE201CDB7F000001 = {
			fileRef = 2A37F4B9FDCFA73011CA2CEA;
			isa = PBXBuildFile;
			settings = {
			};
		};
		080E96DAFE201CDB7F000001 = {
			fileRef = 2A37F4B6FDCFA73011CA2CEA;
			isa = PBXBuildFile;
			settings = {
			};
		};
		080E96DBFE201CDB7F000001 = {
			fileRef = 2A37F4B4FDCFA73011CA2CEA;
			isa = PBXBuildFile;
			settings = {
			};
		};
		089C165FFE840EACC02AAC07 = {
			children = (
				089C1660FE840EACC02AAC07,
			);
			isa = PBXVariantGroup;
			name = InfoPlist.strings;
			refType = 4;
		};
		089C1660FE840EACC02AAC07 = {
			fileEncoding = 10;
			isa = PBXFileReference;
			name = English;
			path = English.lproj/InfoPlist.strings;
			refType = 4;
		};
		089C1661FE840EACC02AAC07 = {
			fileRef = 089C165FFE840EACC02AAC07;
			isa = PBXBuildFile;
			settings = {
			};
		};
//080
//081
//082
//083
//084
//100
//101
//102
//103
//104
		1058C7A6FEA54F5311CA2CBB = {
			children = (
				1058C7A7FEA54F5311CA2CBB,
				F47A56C6034CCDB001A8070A,
				F4C1A98F034D73A801A8070A,
				F4C1A991034D73C701A8070A,
				F4B9094B03A6A48401A8070A,
			);
			isa = PBXGroup;
			name = "Linked Frameworks";
			refType = 4;
		};
		1058C7A7FEA54F5311CA2CBB = {
			isa = PBXFrameworkReference;
			name = Cocoa.framework;
			path = /System/Library/Frameworks/Cocoa.framework;
			refType = 0;
		};
		1058C7A8FEA54F5311CA2CBB = {
			children = (
				2A37F4C5FDCFA73011CA2CEA,
				2A37F4C4FDCFA73011CA2CEA,
			);
			isa = PBXGroup;
			name = "Other Frameworks";
			refType = 4;
		};
		1058C7A9FEA54F5311CA2CBB = {
			fileRef = 1058C7A7FEA54F5311CA2CBB;
			isa = PBXBuildFile;
			settings = {
			};
		};
//100
//101
//102
//103
//104
//170
//171
//172
//173
//174
		1758732AFF379DA111CA2CBB = {
			isa = PBXApplicationReference;
			path = CiphSafe.app;
			refType = 3;
		};
//170
//171
//172
//173
//174
//190
//191
//192
//193
//194
		19C28FB0FE9D524F11CA2CBB = {
			children = (
				1758732AFF379DA111CA2CBB,
			);
			isa = PBXGroup;
			name = Products;
			refType = 4;
		};
//190
//191
//192
//193
//194
//2A0
//2A1
//2A2
//2A3
//2A4
		2A37F4A9FDCFA73011CA2CEA = {
			buildStyles = (
				4A9504D0FFE6A4CB11CA0CBA,
				4A9504D1FFE6A4CB11CA0CBA,
			);
			isa = PBXProject;
			mainGroup = 2A37F4AAFDCFA73011CA2CEA;
			projectDirPath = "";
			targets = (
				2A37F4C6FDCFA73011CA2CEA,
			);
		};
		2A37F4AAFDCFA73011CA2CEA = {
			children = (
				2A37F4ABFDCFA73011CA2CEA,
				2A37F4AFFDCFA73011CA2CEA,
				2A37F4B8FDCFA73011CA2CEA,
				2A37F4C3FDCFA73011CA2CEA,
				19C28FB0FE9D524F11CA2CBB,
			);
			isa = PBXGroup;
			name = CiphSafe;
			path = "";
			refType = 4;
		};
		2A37F4ABFDCFA73011CA2CEA = {
			children = (
				F4638743039CA38001A8070A,
				F4638744039CA38001A8070A,
				F43DBE7803B9334B01A8070A,
				F4709C3F0347B2E301A8070A,
				F4709C400347B2E301A8070A,
				F4638747039CA4A201A8070A,
				F4638748039CA4DF01A8070A,
			);
			isa = PBXGroup;
			name = Classes;
			path = "";
			refType = 4;
		};
		2A37F4ACFDCFA73011CA2CEA = {
			isa = PBXFileReference;
			path = CSDocument.m;
			refType = 4;
		};
		2A37F4AEFDCFA73011CA2CEA = {
			isa = PBXFileReference;
			path = CSDocument.h;
			refType = 4;
		};
		2A37F4AFFDCFA73011CA2CEA = {
			children = (
				2A37F4B0FDCFA73011CA2CEA,
			);
			isa = PBXGroup;
			name = "Other Sources";
			path = "";
			refType = 4;
		};
		2A37F4B0FDCFA73011CA2CEA = {
			isa = PBXFileReference;
			path = main.m;
			refType = 4;
		};
		2A37F4B4FDCFA73011CA2CEA = {
			children = (
				2A37F4B5FDCFA73011CA2CEA,
			);
			isa = PBXVariantGroup;
			name = CSDocument.nib;
			path = "";
			refType = 4;
		};
		2A37F4B5FDCFA73011CA2CEA = {
			isa = PBXFileReference;
			name = English;
			path = English.lproj/CSDocument.nib;
			refType = 4;
		};
		2A37F4B6FDCFA73011CA2CEA = {
			children = (
				2A37F4B7FDCFA73011CA2CEA,
			);
			isa = PBXVariantGroup;
			name = MainMenu.nib;
			path = "";
			refType = 4;
		};
		2A37F4B7FDCFA73011CA2CEA = {
			isa = PBXFileReference;
			name = English;
			path = English.lproj/MainMenu.nib;
			refType = 4;
		};
		2A37F4B8FDCFA73011CA2CEA = {
			children = (
				2A37F4B9FDCFA73011CA2CEA,
				2A37F4B6FDCFA73011CA2CEA,
				2A37F4B4FDCFA73011CA2CEA,
				F4EA37BD0349833201A8070A,
				F4709C4E0347B66901A8070A,
				F45C2DA203BD0DCD01A8070A,
				089C165FFE840EACC02AAC07,
				F46463FE0353C9B801A8070A,
				F4EA37B903494DDD01A8070A,
				F4EA37BA03494DDD01A8070A,
			);
			isa = PBXGroup;
			name = Resources;
			path = "";
			refType = 4;
		};
		2A37F4B9FDCFA73011CA2CEA = {
			children = (
				2A37F4BAFDCFA73011CA2CEA,
			);
			isa = PBXVariantGroup;
			name = Credits.rtf;
			path = "";
			refType = 4;
		};
		2A37F4BAFDCFA73011CA2CEA = {
			isa = PBXFileReference;
			name = English;
			path = English.lproj/Credits.rtf;
			refType = 4;
		};
		2A37F4C3FDCFA73011CA2CEA = {
			children = (
				1058C7A6FEA54F5311CA2CBB,
				1058C7A8FEA54F5311CA2CBB,
			);
			isa = PBXGroup;
			name = Frameworks;
			path = "";
			refType = 4;
		};
		2A37F4C4FDCFA73011CA2CEA = {
			isa = PBXFrameworkReference;
			name = AppKit.framework;
			path = /System/Library/Frameworks/AppKit.framework;
			refType = 0;
		};
		2A37F4C5FDCFA73011CA2CEA = {
			isa = PBXFrameworkReference;
			name = Foundation.framework;
			path = /System/Library/Frameworks/Foundation.framework;
			refType = 0;
		};
		2A37F4C6FDCFA73011CA2CEA = {
			buildPhases = (
				2A37F4C7FDCFA73011CA2CEA,
				2A37F4C9FDCFA73011CA2CEA,
				2A37F4CEFDCFA73011CA2CEA,
				2A37F4D1FDCFA73011CA2CEA,
			);
			buildSettings = {
				FRAMEWORK_SEARCH_PATHS = "";
				HEADER_SEARCH_PATHS = "";
				INSTALL_PATH = "$(HOME)/Applications";
				LIBRARY_SEARCH_PATHS = "";
				OPTIMIZATION_CFLAGS = "-O0";
				PRODUCT_NAME = CiphSafe;
				SECTORDER_FLAGS = "";
				WARNING_CFLAGS = "-Wmost -Wno-four-char-constants -Wno-unknown-pragmas";
				WRAPPER_EXTENSION = app;
			};
			dependencies = (
			);
			isa = PBXApplicationTarget;
			name = CiphSafe;
			productInstallPath = "$(HOME)/Applications";
			productName = CiphSafe;
			productReference = 1758732AFF379DA111CA2CBB;
			productSettingsXML = "<?xml version=\"1.0\" encoding=\"UTF-8\"?>
<!DOCTYPE plist PUBLIC \"-//Apple Computer//DTD PLIST 1.0//EN\" \"http://www.apple.com/DTDs/PropertyList-1.0.dtd\">
<plist version=\"1.0\">
<dict>
	<key>CFBundleDevelopmentRegion</key>
	<string>English</string>
	<key>CFBundleDocumentTypes</key>
	<array>
		<dict>
			<key>CFBundleTypeExtensions</key>
			<array>
				<string>csd</string>
			</array>
			<key>CFBundleTypeName</key>
			<string>CiphSafe Document</string>
			<key>CFBundleTypeOSTypes</key>
			<array>
				<string>csd</string>
			</array>
			<key>CFBundleTypeRole</key>
			<string>Editor</string>
			<key>NSDocumentClass</key>
			<string>CSDocument</string>
		</dict>
	</array>
	<key>CFBundleExecutable</key>
	<string>CiphSafe</string>
	<key>CFBundleGetInfoString</key>
	<string>0.6.0, Copyright © 2002 Bryan L Blackburn</string>
	<key>CFBundleIconFile</key>
	<string></string>
	<key>CFBundleIdentifier</key>
	<string>com.withay.ciphsafe</string>
	<key>CFBundleInfoDictionaryVersion</key>
	<string>6.0</string>
	<key>CFBundleName</key>
	<string>CiphSafe</string>
	<key>CFBundlePackageType</key>
	<string>APPL</string>
	<key>CFBundleShortVersionString</key>
	<string>0.6.0</string>
	<key>CFBundleSignature</key>
	<string>????</string>
	<key>CFBundleVersion</key>
	<string>0.6.0</string>
	<key>NSMainNibFile</key>
	<string>MainMenu</string>
	<key>NSPrincipalClass</key>
	<string>NSApplication</string>
</dict>
</plist>
";
			shouldUseHeadermap = 1;
		};
		2A37F4C7FDCFA73011CA2CEA = {
			buildActionMask = 2147483647;
			files = (
				2A37F4C8FDCFA73011CA2CEA,
				F4709C3A0347B16501A8070A,
				F4709C3B0347B16501A8070A,
				F4709C410347B2E301A8070A,
				F4709C470347B35801A8070A,
				F4A59E42034A64F401A8070A,
				F4A59E46034A669701A8070A,
				F477F7DA036E2EB301A8070A,
				F47AEF50038DDE2E01A8070A,
				F4638745039CA38101A8070A,
				F4638750039DAAC701A8070A,
				F4CC4E4603B3D0F701A8070A,
				F43DBE7B03BA4DEB01A8070A,
				F45C2DA003BD0B8301A8070A,
			);
			isa = PBXHeadersBuildPhase;
			runOnlyForDeploymentPostprocessing = 0;
		};
		2A37F4C8FDCFA73011CA2CEA = {
			fileRef = 2A37F4AEFDCFA73011CA2CEA;
			isa = PBXBuildFile;
			settings = {
			};
		};
		2A37F4C9FDCFA73011CA2CEA = {
			buildActionMask = 2147483647;
			files = (
				080E96D9FE201CDB7F000001,
				080E96DAFE201CDB7F000001,
				080E96DBFE201CDB7F000001,
				089C1661FE840EACC02AAC07,
				F4709C500347B66901A8070A,
				F4EA37BB03494DDD01A8070A,
				F4EA37BC03494DDD01A8070A,
				F4EA37BF0349833201A8070A,
				F46463FF0353C9B801A8070A,
				F45C2DA403BD0DCD01A8070A,
			);
			isa = PBXResourcesBuildPhase;
			runOnlyForDeploymentPostprocessing = 0;
		};
		2A37F4CEFDCFA73011CA2CEA = {
			buildActionMask = 2147483647;
			files = (
				2A37F4CFFDCFA73011CA2CEA,
				2A37F4D0FDCFA73011CA2CEA,
				F4709C3D0347B16501A8070A,
				F4709C3E0347B16501A8070A,
				F4709C420347B2E301A8070A,
				F4709C490347B35801A8070A,
				F4A59E43034A64F401A8070A,
				F4A59E47034A669701A8070A,
				F477F7DB036E2EB301A8070A,
				F47AEF51038DDE2E01A8070A,
				F4638746039CA38101A8070A,
				F4638751039DAAC701A8070A,
				F4CC4E4703B3D0F701A8070A,
				F43DBE7C03BA4DEB01A8070A,
				F45C2DA103BD0B8301A8070A,
			);
			isa = PBXSourcesBuildPhase;
			runOnlyForDeploymentPostprocessing = 0;
		};
		2A37F4CFFDCFA73011CA2CEA = {
			fileRef = 2A37F4ACFDCFA73011CA2CEA;
			isa = PBXBuildFile;
			settings = {
				ATTRIBUTES = (
				);
			};
		};
		2A37F4D0FDCFA73011CA2CEA = {
			fileRef = 2A37F4B0FDCFA73011CA2CEA;
			isa = PBXBuildFile;
			settings = {
				ATTRIBUTES = (
				);
			};
		};
		2A37F4D1FDCFA73011CA2CEA = {
			buildActionMask = 2147483647;
			files = (
				1058C7A9FEA54F5311CA2CBB,
				F47A56C7034CCDB001A8070A,
				F4C1A990034D73A801A8070A,
				F4C1A992034D73C701A8070A,
				F4B9097B03A6A48401A8070A,
			);
			isa = PBXFrameworksBuildPhase;
			runOnlyForDeploymentPostprocessing = 0;
		};
//2A0
//2A1
//2A2
//2A3
//2A4
//4A0
//4A1
//4A2
//4A3
//4A4
		4A9504D0FFE6A4CB11CA0CBA = {
			buildRules = (
			);
			buildSettings = {
				COPY_PHASE_STRIP = NO;
				OPTIMIZATION_CFLAGS = "-O0";
				OTHER_CFLAGS = "-DDEBUG";
			};
			isa = PBXBuildStyle;
			name = Development;
		};
		4A9504D1FFE6A4CB11CA0CBA = {
			buildRules = (
			);
			buildSettings = {
				COPY_PHASE_STRIP = YES;
			};
			isa = PBXBuildStyle;
			name = Deployment;
		};
//4A0
//4A1
//4A2
//4A3
//4A4
//F40
//F41
//F42
//F43
//F44
		F43DBE7803B9334B01A8070A = {
			children = (
				F47AEF4E038DDE2E01A8070A,
				F47AEF4F038DDE2E01A8070A,
				2A37F4AEFDCFA73011CA2CEA,
				2A37F4ACFDCFA73011CA2CEA,
			);
			isa = PBXGroup;
			name = Document;
			refType = 4;
		};
		F43DBE7903BA4DEB01A8070A = {
			isa = PBXFileReference;
			path = CSWinCtrlMain.h;
			refType = 4;
		};
		F43DBE7A03BA4DEB01A8070A = {
			isa = PBXFileReference;
			path = CSWinCtrlMain.m;
			refType = 4;
		};
		F43DBE7B03BA4DEB01A8070A = {
			fileRef = F43DBE7903BA4DEB01A8070A;
			isa = PBXBuildFile;
			settings = {
			};
		};
		F43DBE7C03BA4DEB01A8070A = {
			fileRef = F43DBE7A03BA4DEB01A8070A;
			isa = PBXBuildFile;
			settings = {
			};
		};
		F45C2D9E03BD0B8301A8070A = {
			isa = PBXFileReference;
			path = CSWinCtrlPassphrase.h;
			refType = 4;
		};
		F45C2D9F03BD0B8301A8070A = {
			isa = PBXFileReference;
			path = CSWinCtrlPassphrase.m;
			refType = 4;
		};
		F45C2DA003BD0B8301A8070A = {
			fileRef = F45C2D9E03BD0B8301A8070A;
			isa = PBXBuildFile;
			settings = {
			};
		};
		F45C2DA103BD0B8301A8070A = {
			fileRef = F45C2D9F03BD0B8301A8070A;
			isa = PBXBuildFile;
			settings = {
			};
		};
		F45C2DA203BD0DCD01A8070A = {
			children = (
				F45C2DA303BD0DCD01A8070A,
			);
			isa = PBXVariantGroup;
			name = CSPassphrase.nib;
			path = "";
			refType = 4;
		};
		F45C2DA303BD0DCD01A8070A = {
			isa = PBXFileReference;
			name = English;
			path = English.lproj/CSPassphrase.nib;
			refType = 4;
		};
		F45C2DA403BD0DCD01A8070A = {
			fileRef = F45C2DA203BD0DCD01A8070A;
			isa = PBXBuildFile;
			settings = {
			};
		};
		F4638743039CA38001A8070A = {
			isa = PBXFileReference;
			path = BLBTableView.h;
			refType = 4;
		};
		F4638744039CA38001A8070A = {
			isa = PBXFileReference;
			path = BLBTableView.m;
			refType = 4;
		};
		F4638745039CA38101A8070A = {
			fileRef = F4638743039CA38001A8070A;
			isa = PBXBuildFile;
			settings = {
			};
		};
		F4638746039CA38101A8070A = {
			fileRef = F4638744039CA38001A8070A;
			isa = PBXBuildFile;
			settings = {
			};
		};
		F4638747039CA4A201A8070A = {
			children = (
				F4709C350347B16501A8070A,
				F4709C360347B16501A8070A,
				F4709C370347B16501A8070A,
				F4709C380347B16501A8070A,
				F477F7D8036E2EB301A8070A,
				F477F7D9036E2EB301A8070A,
				F43DBE7903BA4DEB01A8070A,
				F43DBE7A03BA4DEB01A8070A,
				F45C2D9E03BD0B8301A8070A,
				F45C2D9F03BD0B8301A8070A,
			);
			isa = PBXGroup;
			name = WinControllers;
			refType = 4;
		};
		F4638748039CA4DF01A8070A = {
			children = (
				F4709C430347B35801A8070A,
				F4709C440347B35801A8070A,
				F463874E039DAAC701A8070A,
				F463874F039DAAC701A8070A,
				F4CC4E4403B3D0F701A8070A,
				F4CC4E4503B3D0F701A8070A,
				F4A59E44034A669701A8070A,
				F4A59E45034A669701A8070A,
				F4A59E40034A64F401A8070A,
				F4A59E41034A64F401A8070A,
			);
			isa = PBXGroup;
			name = CocoaExtensions;
			refType = 4;
		};
		F463874E039DAAC701A8070A = {
			isa = PBXFileReference;
			path = NSAttributedString_RWDA.h;
			refType = 4;
		};
		F463874F039DAAC701A8070A = {
			isa = PBXFileReference;
			path = NSAttributedString_RWDA.m;
			refType = 4;
		};
		F4638750039DAAC701A8070A = {
			fileRef = F463874E039DAAC701A8070A;
			isa = PBXBuildFile;
			settings = {
			};
		};
		F4638751039DAAC701A8070A = {
			fileRef = F463874F039DAAC701A8070A;
			isa = PBXBuildFile;
			settings = {
			};
		};
		F46463FC0353C9B101A8070A = {
			fileEncoding = 10;
			isa = PBXFileReference;
			name = English;
			path = English.lproj/Localizable.strings;
			refType = 4;
		};
		F46463FE0353C9B801A8070A = {
			children = (
				F46463FC0353C9B101A8070A,
			);
			isa = PBXVariantGroup;
			name = Localizable.strings;
			refType = 4;
		};
		F46463FF0353C9B801A8070A = {
			fileRef = F46463FE0353C9B801A8070A;
			isa = PBXBuildFile;
			settings = {
			};
		};
		F4709C350347B16501A8070A = {
			isa = PBXFileReference;
			path = CSWinCtrlAdd.h;
			refType = 4;
		};
		F4709C360347B16501A8070A = {
			isa = PBXFileReference;
			path = CSWinCtrlAdd.m;
			refType = 4;
		};
		F4709C370347B16501A8070A = {
			isa = PBXFileReference;
			path = CSWinCtrlChange.h;
			refType = 4;
		};
		F4709C380347B16501A8070A = {
			isa = PBXFileReference;
			path = CSWinCtrlChange.m;
			refType = 4;
		};
		F4709C3A0347B16501A8070A = {
			fileRef = F4709C350347B16501A8070A;
			isa = PBXBuildFile;
			settings = {
			};
		};
		F4709C3B0347B16501A8070A = {
			fileRef = F4709C370347B16501A8070A;
			isa = PBXBuildFile;
			settings = {
			};
		};
		F4709C3D0347B16501A8070A = {
			fileRef = F4709C360347B16501A8070A;
			isa = PBXBuildFile;
			settings = {
			};
		};
		F4709C3E0347B16501A8070A = {
			fileRef = F4709C380347B16501A8070A;
			isa = PBXBuildFile;
			settings = {
			};
		};
		F4709C3F0347B2E301A8070A = {
			isa = PBXFileReference;
			path = CSAppController.h;
			refType = 4;
		};
		F4709C400347B2E301A8070A = {
			isa = PBXFileReference;
			path = CSAppController.m;
			refType = 4;
		};
		F4709C410347B2E301A8070A = {
			fileRef = F4709C3F0347B2E301A8070A;
			isa = PBXBuildFile;
			settings = {
			};
		};
		F4709C420347B2E301A8070A = {
			fileRef = F4709C400347B2E301A8070A;
			isa = PBXBuildFile;
			settings = {
			};
		};
		F4709C430347B35801A8070A = {
			isa = PBXFileReference;
			path = NSArray_FOOC.h;
			refType = 4;
		};
		F4709C440347B35801A8070A = {
			isa = PBXFileReference;
			path = NSArray_FOOC.m;
			refType = 4;
		};
		F4709C470347B35801A8070A = {
			fileRef = F4709C430347B35801A8070A;
			isa = PBXBuildFile;
			settings = {
			};
		};
		F4709C490347B35801A8070A = {
			fileRef = F4709C440347B35801A8070A;
			isa = PBXBuildFile;
			settings = {
			};
		};
		F4709C4E0347B66901A8070A = {
			children = (
				F4709C4F0347B66901A8070A,
			);
			isa = PBXVariantGroup;
			name = CSDocumentChange.nib;
			path = "";
			refType = 4;
		};
		F4709C4F0347B66901A8070A = {
			isa = PBXFileReference;
			name = English;
			path = English.lproj/CSDocumentChange.nib;
			refType = 4;
		};
		F4709C500347B66901A8070A = {
			fileRef = F4709C4E0347B66901A8070A;
			isa = PBXBuildFile;
			settings = {
			};
		};
		F477F7D8036E2EB301A8070A = {
			isa = PBXFileReference;
			path = CSWinCtrlEntry.h;
			refType = 4;
		};
		F477F7D9036E2EB301A8070A = {
			isa = PBXFileReference;
			path = CSWinCtrlEntry.m;
			refType = 4;
		};
		F477F7DA036E2EB301A8070A = {
			fileRef = F477F7D8036E2EB301A8070A;
			isa = PBXBuildFile;
			settings = {
			};
		};
		F477F7DB036E2EB301A8070A = {
			fileRef = F477F7D9036E2EB301A8070A;
			isa = PBXBuildFile;
			settings = {
			};
		};
		F47A56C6034CCDB001A8070A = {
			isa = PBXFileReference;
			name = libz.dylib;
			path = /usr/lib/libz.dylib;
			refType = 0;
		};
		F47A56C7034CCDB001A8070A = {
			fileRef = F47A56C6034CCDB001A8070A;
			isa = PBXBuildFile;
			settings = {
			};
		};
		F47AEF4E038DDE2E01A8070A = {
			isa = PBXFileReference;
			path = CSDocModel.h;
			refType = 4;
		};
		F47AEF4F038DDE2E01A8070A = {
			isa = PBXFileReference;
			path = CSDocModel.m;
			refType = 4;
		};
		F47AEF50038DDE2E01A8070A = {
			fileRef = F47AEF4E038DDE2E01A8070A;
			isa = PBXBuildFile;
			settings = {
			};
		};
		F47AEF51038DDE2E01A8070A = {
			fileRef = F47AEF4F038DDE2E01A8070A;
			isa = PBXBuildFile;
			settings = {
			};
		};
		F4A59E40034A64F401A8070A = {
			isa = PBXFileReference;
			path = NSData_crypto.h;
			refType = 4;
		};
		F4A59E41034A64F401A8070A = {
			isa = PBXFileReference;
			path = NSData_crypto.m;
			refType = 4;
		};
		F4A59E42034A64F401A8070A = {
			fileRef = F4A59E40034A64F401A8070A;
			isa = PBXBuildFile;
			settings = {
			};
		};
		F4A59E43034A64F401A8070A = {
			fileRef = F4A59E41034A64F401A8070A;
			isa = PBXBuildFile;
			settings = {
			};
		};
		F4A59E44034A669701A8070A = {
			isa = PBXFileReference;
			path = NSData_compress.h;
			refType = 4;
		};
		F4A59E45034A669701A8070A = {
			isa = PBXFileReference;
			path = NSData_compress.m;
			refType = 4;
		};
		F4A59E46034A669701A8070A = {
			fileRef = F4A59E44034A669701A8070A;
			isa = PBXBuildFile;
			settings = {
			};
		};
		F4A59E47034A669701A8070A = {
			fileRef = F4A59E45034A669701A8070A;
			isa = PBXBuildFile;
			settings = {
			};
		};
		F4B9094B03A6A48401A8070A = {
			isa = PBXFrameworkReference;
			name = Security.framework;
			path = /System/Library/Frameworks/Security.framework;
			refType = 0;
		};
		F4B9097B03A6A48401A8070A = {
			fileRef = F4B9094B03A6A48401A8070A;
			isa = PBXBuildFile;
			settings = {
			};
		};
		F4C1A98F034D73A801A8070A = {
			isa = PBXFileReference;
			name = libssl.dylib;
			path = /usr/lib/libssl.dylib;
			refType = 0;
		};
		F4C1A990034D73A801A8070A = {
			fileRef = F4C1A98F034D73A801A8070A;
			isa = PBXBuildFile;
			settings = {
			};
		};
		F4C1A991034D73C701A8070A = {
			isa = PBXFileReference;
			name = libcrypto.dylib;
			path = /usr/lib/libcrypto.dylib;
			refType = 0;
		};
		F4C1A992034D73C701A8070A = {
			fileRef = F4C1A991034D73C701A8070A;
			isa = PBXBuildFile;
			settings = {
			};
		};
		F4CC4E4403B3D0F701A8070A = {
			isa = PBXFileReference;
			path = NSData_clear.h;
			refType = 4;
		};
		F4CC4E4503B3D0F701A8070A = {
			isa = PBXFileReference;
			path = NSData_clear.m;
			refType = 4;
		};
		F4CC4E4603B3D0F701A8070A = {
			fileRef = F4CC4E4403B3D0F701A8070A;
			isa = PBXBuildFile;
			settings = {
			};
		};
		F4CC4E4703B3D0F701A8070A = {
			fileRef = F4CC4E4503B3D0F701A8070A;
			isa = PBXBuildFile;
			settings = {
			};
		};
		F4EA37B903494DDD01A8070A = {
			isa = PBXFileReference;
			path = sortArrowDown.tiff;
			refType = 4;
		};
		F4EA37BA03494DDD01A8070A = {
			isa = PBXFileReference;
			path = sortArrowUp.tiff;
			refType = 4;
		};
		F4EA37BB03494DDD01A8070A = {
			fileRef = F4EA37B903494DDD01A8070A;
			isa = PBXBuildFile;
			settings = {
			};
		};
		F4EA37BC03494DDD01A8070A = {
			fileRef = F4EA37BA03494DDD01A8070A;
			isa = PBXBuildFile;
			settings = {
			};
		};
		F4EA37BD0349833201A8070A = {
			children = (
				F4EA37BE0349833201A8070A,
			);
			isa = PBXVariantGroup;
			name = CSDocumentAdd.nib;
			path = "";
			refType = 4;
		};
		F4EA37BE0349833201A8070A = {
			isa = PBXFileReference;
			name = English;
			path = English.lproj/CSDocumentAdd.nib;
			refType = 4;
		};
		F4EA37BF0349833201A8070A = {
			fileRef = F4EA37BD0349833201A8070A;
			isa = PBXBuildFile;
			settings = {
			};
		};
	};
	rootObject = 2A37F4A9FDCFA73011CA2CEA;
}
